
Microsoft Visual Studio Solution File, Format Version 12.00
# Visual Studio Version 17
VisualStudioVersion = 17.6.33815.320
MinimumVisualStudioVersion = 10.0.40219.1
Project("{888888A0-9F3D-457C-B088-3A5042F75D52}") = "iris-project", "iris-project\iris-project.pyproj", "{9372C52F-78B4-4B18-8346-9719E3C44D49}"
EndProject
Global
	GlobalSection(SolutionConfigurationPlatforms) = preSolution
		Debug|Any CPU = Debug|Any CPU
		Release|Any CPU = Release|Any CPU
	EndGlobalSection
	GlobalSection(ProjectConfigurationPlatforms) = postSolution
		{9372C52F-78B4-4B18-8346-9719E3C44D49}.Debug|Any CPU.ActiveCfg = Debug|Any CPU
		{9372C52F-78B4-4B18-8346-9719E3C44D49}.Release|Any CPU.ActiveCfg = Release|Any CPU
	EndGlobalSection
	GlobalSection(SolutionProperties) = preSolution
		HideSolutionNode = FALSE
	EndGlobalSection
	GlobalSection(ExtensibilityGlobals) = postSolution
		SolutionGuid = {E02EC4E7-58EA-47F7-87CF-88E9BA9E71BC}
	EndGlobalSection
EndGlobal
